// !$*UTF8*$!
{
	archiveVersion = 1;
	classes = {
	};
	objectVersion = 50;
	objects = {

/* Begin PBXBuildFile section */
		84D65C27258B3C7F009C11B4 /* AppDelegate.swift in Sources */ = {isa = PBXBuildFile; fileRef = 84D65C26258B3C7F009C11B4 /* AppDelegate.swift */; };
		84D65C29258B3C7F009C11B4 /* SceneDelegate.swift in Sources */ = {isa = PBXBuildFile; fileRef = 84D65C28258B3C7F009C11B4 /* SceneDelegate.swift */; };
		84D65C2B258B3C7F009C11B4 /* ViewController.swift in Sources */ = {isa = PBXBuildFile; fileRef = 84D65C2A258B3C7F009C11B4 /* ViewController.swift */; };
		84D65C2E258B3C7F009C11B4 /* Main.storyboard in Resources */ = {isa = PBXBuildFile; fileRef = 84D65C2C258B3C7F009C11B4 /* Main.storyboard */; };
		84D65C30258B3C80009C11B4 /* Assets.xcassets in Resources */ = {isa = PBXBuildFile; fileRef = 84D65C2F258B3C80009C11B4 /* Assets.xcassets */; };
		84D65C33258B3C80009C11B4 /* LaunchScreen.storyboard in Resources */ = {isa = PBXBuildFile; fileRef = 84D65C31258B3C80009C11B4 /* LaunchScreen.storyboard */; };
		84D65C3C258B3E97009C11B4 /* SignUpVC.swift in Sources */ = {isa = PBXBuildFile; fileRef = 84D65C3B258B3E97009C11B4 /* SignUpVC.swift */; };
		84D65C3F258B3EA6009C11B4 /* SignInVC.swift in Sources */ = {isa = PBXBuildFile; fileRef = 84D65C3E258B3EA6009C11B4 /* SignInVC.swift */; };
		84D65C43258B4613009C11B4 /* ForgotPwVC.swift in Sources */ = {isa = PBXBuildFile; fileRef = 84D65C42258B4613009C11B4 /* ForgotPwVC.swift */; };
		84D65C46258B5D8C009C11B4 /* mainVC.swift in Sources */ = {isa = PBXBuildFile; fileRef = 84D65C45258B5D8C009C11B4 /* mainVC.swift */; };
		84D65C4A258B69E6009C11B4 /* Menu1.storyboard in Resources */ = {isa = PBXBuildFile; fileRef = 84D65C49258B69E6009C11B4 /* Menu1.storyboard */; };
		84D65C4D258B6A10009C11B4 /* Menu2.storyboard in Resources */ = {isa = PBXBuildFile; fileRef = 84D65C4C258B6A10009C11B4 /* Menu2.storyboard */; };
		84D65C50258B6A39009C11B4 /* Menu3.storyboard in Resources */ = {isa = PBXBuildFile; fileRef = 84D65C4F258B6A39009C11B4 /* Menu3.storyboard */; };
		84D65C54258C2C06009C11B4 /* AlertService.swift in Sources */ = {isa = PBXBuildFile; fileRef = 84D65C53258C2C06009C11B4 /* AlertService.swift */; };
/* End PBXBuildFile section */

/* Begin PBXFileReference section */
		84D65C23258B3C7F009C11B4 /* loginPractice1.app */ = {isa = PBXFileReference; explicitFileType = wrapper.application; includeInIndex = 0; path = loginPractice1.app; sourceTree = BUILT_PRODUCTS_DIR; };
		84D65C26258B3C7F009C11B4 /* AppDelegate.swift */ = {isa = PBXFileReference; lastKnownFileType = sourcecode.swift; path = AppDelegate.swift; sourceTree = "<group>"; };
		84D65C28258B3C7F009C11B4 /* SceneDelegate.swift */ = {isa = PBXFileReference; lastKnownFileType = sourcecode.swift; path = SceneDelegate.swift; sourceTree = "<group>"; };
		84D65C2A258B3C7F009C11B4 /* ViewController.swift */ = {isa = PBXFileReference; lastKnownFileType = sourcecode.swift; path = ViewController.swift; sourceTree = "<group>"; };
		84D65C2D258B3C7F009C11B4 /* Base */ = {isa = PBXFileReference; lastKnownFileType = file.storyboard; name = Base; path = Base.lproj/Main.storyboard; sourceTree = "<group>"; };
		84D65C2F258B3C80009C11B4 /* Assets.xcassets */ = {isa = PBXFileReference; lastKnownFileType = folder.assetcatalog; path = Assets.xcassets; sourceTree = "<group>"; };
		84D65C32258B3C80009C11B4 /* Base */ = {isa = PBXFileReference; lastKnownFileType = file.storyboard; name = Base; path = Base.lproj/LaunchScreen.storyboard; sourceTree = "<group>"; };
		84D65C34258B3C80009C11B4 /* Info.plist */ = {isa = PBXFileReference; lastKnownFileType = text.plist.xml; path = Info.plist; sourceTree = "<group>"; };
		84D65C3B258B3E97009C11B4 /* SignUpVC.swift */ = {isa = PBXFileReference; lastKnownFileType = sourcecode.swift; path = SignUpVC.swift; sourceTree = "<group>"; };
		84D65C3E258B3EA6009C11B4 /* SignInVC.swift */ = {isa = PBXFileReference; lastKnownFileType = sourcecode.swift; path = SignInVC.swift; sourceTree = "<group>"; };
		84D65C42258B4613009C11B4 /* ForgotPwVC.swift */ = {isa = PBXFileReference; lastKnownFileType = sourcecode.swift; path = ForgotPwVC.swift; sourceTree = "<group>"; };
		84D65C45258B5D8C009C11B4 /* mainVC.swift */ = {isa = PBXFileReference; lastKnownFileType = sourcecode.swift; path = mainVC.swift; sourceTree = "<group>"; };
		84D65C49258B69E6009C11B4 /* Menu1.storyboard */ = {isa = PBXFileReference; fileEncoding = 4; lastKnownFileType = file.storyboard; path = Menu1.storyboard; sourceTree = "<group>"; };
		84D65C4C258B6A10009C11B4 /* Menu2.storyboard */ = {isa = PBXFileReference; fileEncoding = 4; lastKnownFileType = file.storyboard; path = Menu2.storyboard; sourceTree = "<group>"; };
		84D65C4F258B6A39009C11B4 /* Menu3.storyboard */ = {isa = PBXFileReference; fileEncoding = 4; lastKnownFileType = file.storyboard; path = Menu3.storyboard; sourceTree = "<group>"; };
		84D65C53258C2C06009C11B4 /* AlertService.swift */ = {isa = PBXFileReference; lastKnownFileType = sourcecode.swift; path = AlertService.swift; sourceTree = "<group>"; };
/* End PBXFileReference section */

/* Begin PBXFrameworksBuildPhase section */
		84D65C20258B3C7F009C11B4 /* Frameworks */ = {
			isa = PBXFrameworksBuildPhase;
			buildActionMask = 2147483647;
			files = (
			);
			runOnlyForDeploymentPostprocessing = 0;
		};
/* End PBXFrameworksBuildPhase section */

/* Begin PBXGroup section */
		84D65C1A258B3C7F009C11B4 = {
			isa = PBXGroup;
			children = (
				84D65C25258B3C7F009C11B4 /* loginPractice1 */,
				84D65C24258B3C7F009C11B4 /* Products */,
			);
			sourceTree = "<group>";
		};
		84D65C24258B3C7F009C11B4 /* Products */ = {
			isa = PBXGroup;
			children = (
				84D65C23258B3C7F009C11B4 /* loginPractice1.app */,
			);
			name = Products;
			sourceTree = "<group>";
		};
		84D65C25258B3C7F009C11B4 /* loginPractice1 */ = {
			isa = PBXGroup;
			children = (
				84D65C26258B3C7F009C11B4 /* AppDelegate.swift */,
				84D65C28258B3C7F009C11B4 /* SceneDelegate.swift */,
				84D65C2A258B3C7F009C11B4 /* ViewController.swift */,
				84D65C2C258B3C7F009C11B4 /* Main.storyboard */,
				84D65C49258B69E6009C11B4 /* Menu1.storyboard */,
				84D65C4C258B6A10009C11B4 /* Menu2.storyboard */,
				84D65C4F258B6A39009C11B4 /* Menu3.storyboard */,
				84D65C53258C2C06009C11B4 /* AlertService.swift */,
				84D65C45258B5D8C009C11B4 /* mainVC.swift */,
				84D65C42258B4613009C11B4 /* ForgotPwVC.swift */,
				84D65C3B258B3E97009C11B4 /* SignUpVC.swift */,
				84D65C3E258B3EA6009C11B4 /* SignInVC.swift */,
				84D65C2F258B3C80009C11B4 /* Assets.xcassets */,
				84D65C31258B3C80009C11B4 /* LaunchScreen.storyboard */,
				84D65C34258B3C80009C11B4 /* Info.plist */,
			);
			path = loginPractice1;
			sourceTree = "<group>";
		};
/* End PBXGroup section */

/* Begin PBXNativeTarget section */
		84D65C22258B3C7F009C11B4 /* loginPractice1 */ = {
			isa = PBXNativeTarget;
			buildConfigurationList = 84D65C37258B3C80009C11B4 /* Build configuration list for PBXNativeTarget "loginPractice1" */;
			buildPhases = (
				84D65C1F258B3C7F009C11B4 /* Sources */,
				84D65C20258B3C7F009C11B4 /* Frameworks */,
				84D65C21258B3C7F009C11B4 /* Resources */,
			);
			buildRules = (
			);
			dependencies = (
			);
			name = loginPractice1;
			productName = loginPractice1;
			productReference = 84D65C23258B3C7F009C11B4 /* loginPractice1.app */;
			productType = "com.apple.product-type.application";
		};
/* End PBXNativeTarget section */

/* Begin PBXProject section */
		84D65C1B258B3C7F009C11B4 /* Project object */ = {
			isa = PBXProject;
			attributes = {
				LastSwiftUpdateCheck = 1220;
				LastUpgradeCheck = 1220;
				TargetAttributes = {
					84D65C22258B3C7F009C11B4 = {
						CreatedOnToolsVersion = 12.2;
					};
				};
			};
			buildConfigurationList = 84D65C1E258B3C7F009C11B4 /* Build configuration list for PBXProject "loginPractice1" */;
			compatibilityVersion = "Xcode 9.3";
			developmentRegion = en;
			hasScannedForEncodings = 0;
			knownRegions = (
				en,
				Base,
			);
			mainGroup = 84D65C1A258B3C7F009C11B4;
			productRefGroup = 84D65C24258B3C7F009C11B4 /* Products */;
			projectDirPath = "";
			projectRoot = "";
			targets = (
				84D65C22258B3C7F009C11B4 /* loginPractice1 */,
			);
		};
/* End PBXProject section */

/* Begin PBXResourcesBuildPhase section */
		84D65C21258B3C7F009C11B4 /* Resources */ = {
			isa = PBXResourcesBuildPhase;
			buildActionMask = 2147483647;
			files = (
				84D65C33258B3C80009C11B4 /* LaunchScreen.storyboard in Resources */,
				84D65C4D258B6A10009C11B4 /* Menu2.storyboard in Resources */,
				84D65C4A258B69E6009C11B4 /* Menu1.storyboard in Resources */,
				84D65C50258B6A39009C11B4 /* Menu3.storyboard in Resources */,
				84D65C30258B3C80009C11B4 /* Assets.xcassets in Resources */,
				84D65C2E258B3C7F009C11B4 /* Main.storyboard in Resources */,
			);
			runOnlyForDeploymentPostprocessing = 0;
		};
/* End PBXResourcesBuildPhase section */

/* Begin PBXSourcesBuildPhase section */
		84D65C1F258B3C7F009C11B4 /* Sources */ = {
			isa = PBXSourcesBuildPhase;
			buildActionMask = 2147483647;
			files = (
				84D65C46258B5D8C009C11B4 /* mainVC.swift in Sources */,
				84D65C3C258B3E97009C11B4 /* SignUpVC.swift in Sources */,
				84D65C2B258B3C7F009C11B4 /* ViewController.swift in Sources */,
				84D65C43258B4613009C11B4 /* ForgotPwVC.swift in Sources */,
				84D65C27258B3C7F009C11B4 /* AppDelegate.swift in Sources */,
				84D65C29258B3C7F009C11B4 /* SceneDelegate.swift in Sources */,
				84D65C54258C2C06009C11B4 /* AlertService.swift in Sources */,
				84D65C3F258B3EA6009C11B4 /* SignInVC.swift in Sources */,
			);
			runOnlyForDeploymentPostprocessing = 0;
		};
/* End PBXSourcesBuildPhase section */

/* Begin PBXVariantGroup section */
		84D65C2C258B3C7F009C11B4 /* Main.storyboard */ = {
			isa = PBXVariantGroup;
			children = (
				84D65C2D258B3C7F009C11B4 /* Base */,
			);
			name = Main.storyboard;
			sourceTree = "<group>";
		};
		84D65C31258B3C80009C11B4 /* LaunchScreen.storyboard */ = {
			isa = PBXVariantGroup;
			children = (
				84D65C32258B3C80009C11B4 /* Base */,
			);
			name = LaunchScreen.storyboard;
			sourceTree = "<group>";
		};
/* End PBXVariantGroup section */

/* Begin XCBuildConfiguration section */
		84D65C35258B3C80009C11B4 /* Debug */ = {
			isa = XCBuildConfiguration;
			buildSettings = {
				ALWAYS_SEARCH_USER_PATHS = NO;
				CLANG_ANALYZER_NONNULL = YES;
				CLANG_ANALYZER_NUMBER_OBJECT_CONVERSION = YES_AGGRESSIVE;
				CLANG_CXX_LANGUAGE_STANDARD = "gnu++14";
				CLANG_CXX_LIBRARY = "libc++";
				CLANG_ENABLE_MODULES = YES;
				CLANG_ENABLE_OBJC_ARC = YES;
				CLANG_ENABLE_OBJC_WEAK = YES;
				CLANG_WARN_BLOCK_CAPTURE_AUTORELEASING = YES;
				CLANG_WARN_BOOL_CONVERSION = YES;
				CLANG_WARN_COMMA = YES;
				CLANG_WARN_CONSTANT_CONVERSION = YES;
				CLANG_WARN_DEPRECATED_OBJC_IMPLEMENTATIONS = YES;
				CLANG_WARN_DIRECT_OBJC_ISA_USAGE = YES_ERROR;
				CLANG_WARN_DOCUMENTATION_COMMENTS = YES;
				CLANG_WARN_EMPTY_BODY = YES;
				CLANG_WARN_ENUM_CONVERSION = YES;
				CLANG_WARN_INFINITE_RECURSION = YES;
				CLANG_WARN_INT_CONVERSION = YES;
				CLANG_WARN_NON_LITERAL_NULL_CONVERSION = YES;
				CLANG_WARN_OBJC_IMPLICIT_RETAIN_SELF = YES;
				CLANG_WARN_OBJC_LITERAL_CONVERSION = YES;
				CLANG_WARN_OBJC_ROOT_CLASS = YES_ERROR;
				CLANG_WARN_QUOTED_INCLUDE_IN_FRAMEWORK_HEADER = YES;
				CLANG_WARN_RANGE_LOOP_ANALYSIS = YES;
				CLANG_WARN_STRICT_PROTOTYPES = YES;
				CLANG_WARN_SUSPICIOUS_MOVE = YES;
				CLANG_WARN_UNGUARDED_AVAILABILITY = YES_AGGRESSIVE;
				CLANG_WARN_UNREACHABLE_CODE = YES;
				CLANG_WARN__DUPLICATE_METHOD_MATCH = YES;
				COPY_PHASE_STRIP = NO;
				DEBUG_INFORMATION_FORMAT = dwarf;
				ENABLE_STRICT_OBJC_MSGSEND = YES;
				ENABLE_TESTABILITY = YES;
				GCC_C_LANGUAGE_STANDARD = gnu11;
				GCC_DYNAMIC_NO_PIC = NO;
				GCC_NO_COMMON_BLOCKS = YES;
				GCC_OPTIMIZATION_LEVEL = 0;
				GCC_PREPROCESSOR_DEFINITIONS = (
					"DEBUG=1",
					"$(inherited)",
				);
				GCC_WARN_64_TO_32_BIT_CONVERSION = YES;
				GCC_WARN_ABOUT_RETURN_TYPE = YES_ERROR;
				GCC_WARN_UNDECLARED_SELECTOR = YES;
				GCC_WARN_UNINITIALIZED_AUTOS = YES_AGGRESSIVE;
				GCC_WARN_UNUSED_FUNCTION = YES;
				GCC_WARN_UNUSED_VARIABLE = YES;
				IPHONEOS_DEPLOYMENT_TARGET = 14.2;
				MTL_ENABLE_DEBUG_INFO = INCLUDE_SOURCE;
				MTL_FAST_MATH = YES;
				ONLY_ACTIVE_ARCH = YES;
				SDKROOT = iphoneos;
				SWIFT_ACTIVE_COMPILATION_CONDITIONS = DEBUG;
				SWIFT_OPTIMIZATION_LEVEL = "-Onone";
			};
			name = Debug;
		};
		84D65C36258B3C80009C11B4 /* Release */ = {
			isa = XCBuildConfiguration;
			buildSettings = {
				ALWAYS_SEARCH_USER_PATHS = NO;
				CLANG_ANALYZER_NONNULL = YES;
				CLANG_ANALYZER_NUMBER_OBJECT_CONVERSION = YES_AGGRESSIVE;
				CLANG_CXX_LANGUAGE_STANDARD = "gnu++14";
				CLANG_CXX_LIBRARY = "libc++";
				CLANG_ENABLE_MODULES = YES;
				CLANG_ENABLE_OBJC_ARC = YES;
				CLANG_ENABLE_OBJC_WEAK = YES;
				CLANG_WARN_BLOCK_CAPTURE_AUTORELEASING = YES;
				CLANG_WARN_BOOL_CONVERSION = YES;
				CLANG_WARN_COMMA = YES;
				CLANG_WARN_CONSTANT_CONVERSION = YES;
				CLANG_WARN_DEPRECATED_OBJC_IMPLEMENTATIONS = YES;
				CLANG_WARN_DIRECT_OBJC_ISA_USAGE = YES_ERROR;
				CLANG_WARN_DOCUMENTATION_COMMENTS = YES;
				CLANG_WARN_EMPTY_BODY = YES;
				CLANG_WARN_ENUM_CONVERSION = YES;
				CLANG_WARN_INFINITE_RECURSION = YES;
				CLANG_WARN_INT_CONVERSION = YES;
				CLANG_WARN_NON_LITERAL_NULL_CONVERSION = YES;
				CLANG_WARN_OBJC_IMPLICIT_RETAIN_SELF = YES;
				CLANG_WARN_OBJC_LITERAL_CONVERSION = YES;
				CLANG_WARN_OBJC_ROOT_CLASS = YES_ERROR;
				CLANG_WARN_QUOTED_INCLUDE_IN_FRAMEWORK_HEADER = YES;
				CLANG_WARN_RANGE_LOOP_ANALYSIS = YES;
				CLANG_WARN_STRICT_PROTOTYPES = YES;
				CLANG_WARN_SUSPICIOUS_MOVE = YES;
				CLANG_WARN_UNGUARDED_AVAILABILITY = YES_AGGRESSIVE;
				CLANG_WARN_UNREACHABLE_CODE = YES;
				CLANG_WARN__DUPLICATE_METHOD_MATCH = YES;
				COPY_PHASE_STRIP = NO;
				DEBUG_INFORMATION_FORMAT = "dwarf-with-dsym";
				ENABLE_NS_ASSERTIONS = NO;
				ENABLE_STRICT_OBJC_MSGSEND = YES;
				GCC_C_LANGUAGE_STANDARD = gnu11;
				GCC_NO_COMMON_BLOCKS = YES;
				GCC_WARN_64_TO_32_BIT_CONVERSION = YES;
				GCC_WARN_ABOUT_RETURN_TYPE = YES_ERROR;
				GCC_WARN_UNDECLARED_SELECTOR = YES;
				GCC_WARN_UNINITIALIZED_AUTOS = YES_AGGRESSIVE;
				GCC_WARN_UNUSED_FUNCTION = YES;
				GCC_WARN_UNUSED_VARIABLE = YES;
				IPHONEOS_DEPLOYMENT_TARGET = 14.2;
				MTL_ENABLE_DEBUG_INFO = NO;
				MTL_FAST_MATH = YES;
				SDKROOT = iphoneos;
				SWIFT_COMPILATION_MODE = wholemodule;
				SWIFT_OPTIMIZATION_LEVEL = "-O";
				VALIDATE_PRODUCT = YES;
			};
			name = Release;
		};
		84D65C38258B3C80009C11B4 /* Debug */ = {
			isa = XCBuildConfiguration;
			buildSettings = {
				ASSETCATALOG_COMPILER_APPICON_NAME = AppIcon;
				ASSETCATALOG_COMPILER_GLOBAL_ACCENT_COLOR_NAME = AccentColor;
				CODE_SIGN_STYLE = Automatic;
				DEVELOPMENT_TEAM = 7QG4DQ62JQ;
				INFOPLIST_FILE = loginPractice1/Info.plist;
				LD_RUNPATH_SEARCH_PATHS = (
					"$(inherited)",
					"@executable_path/Frameworks",
				);
				PRODUCT_BUNDLE_IDENTIFIER = com.hyeonji.loginPractice1;
				PRODUCT_NAME = "$(TARGET_NAME)";
				SWIFT_VERSION = 5.0;
				TARGETED_DEVICE_FAMILY = "1,2";
			};
			name = Debug;
		};
		84D65C39258B3C80009C11B4 /* Release */ = {
			isa = XCBuildConfiguration;
			buildSettings = {
				ASSETCATALOG_COMPILER_APPICON_NAME = AppIcon;
				ASSETCATALOG_COMPILER_GLOBAL_ACCENT_COLOR_NAME = AccentColor;
				CODE_SIGN_STYLE = Automatic;
				DEVELOPMENT_TEAM = 7QG4DQ62JQ;
				INFOPLIST_FILE = loginPractice1/Info.plist;
				LD_RUNPATH_SEARCH_PATHS = (
					"$(inherited)",
					"@executable_path/Frameworks",
				);
				PRODUCT_BUNDLE_IDENTIFIER = com.hyeonji.loginPractice1;
				PRODUCT_NAME = "$(TARGET_NAME)";
				SWIFT_VERSION = 5.0;
				TARGETED_DEVICE_FAMILY = "1,2";
			};
			name = Release;
		};
/* End XCBuildConfiguration section */

/* Begin XCConfigurationList section */
		84D65C1E258B3C7F009C11B4 /* Build configuration list for PBXProject "loginPractice1" */ = {
			isa = XCConfigurationList;
			buildConfigurations = (
				84D65C35258B3C80009C11B4 /* Debug */,
				84D65C36258B3C80009C11B4 /* Release */,
			);
			defaultConfigurationIsVisible = 0;
			defaultConfigurationName = Release;
		};
		84D65C37258B3C80009C11B4 /* Build configuration list for PBXNativeTarget "loginPractice1" */ = {
			isa = XCConfigurationList;
			buildConfigurations = (
				84D65C38258B3C80009C11B4 /* Debug */,
				84D65C39258B3C80009C11B4 /* Release */,
			);
			defaultConfigurationIsVisible = 0;
			defaultConfigurationName = Release;
		};
/* End XCConfigurationList section */
	};
	rootObject = 84D65C1B258B3C7F009C11B4 /* Project object */;
}
